
Microsoft Visual Studio Solution File, Format Version 12.00
# Visual Studio Version 17
VisualStudioVersion = 17.0.31903.59
MinimumVisualStudioVersion = 10.0.40219.1
Project("{2150E333-8FDC-42A3-9474-1A3956D46DE8}") = "Backends", "Backends", "{8EF5D6DC-77D4-4E31-89C9-1DC220E497AB}"
EndProject
Project("{FAE04EC0-301F-11D3-BF4B-00C04F79EFBC}") = "Weather", "src\Weather\Weather.csproj", "{06277D94-A7C7-4E8B-B7FB-CD754AB28DA3}"
EndProject
Project("{FAE04EC0-301F-11D3-BF4B-00C04F79EFBC}") = "Todos", "src\Todos\Todos.csproj", "{7A8A48F4-8284-4065-A1A5-044BDBEB41FE}"
EndProject
Project("{FAE04EC0-301F-11D3-BF4B-00C04F79EFBC}") = "ReverseProxy", "src\ReverseProxy\ReverseProxy.csproj", "{04868E76-653D-4C1F-8E9B-D5A695E4CC67}"
EndProject
Global
	GlobalSection(SolutionConfigurationPlatforms) = preSolution
		Debug|Any CPU = Debug|Any CPU
		Release|Any CPU = Release|Any CPU
	EndGlobalSection
	GlobalSection(SolutionProperties) = preSolution
		HideSolutionNode = FALSE
	EndGlobalSection
	GlobalSection(NestedProjects) = preSolution
		{06277D94-A7C7-4E8B-B7FB-CD754AB28DA3} = {8EF5D6DC-77D4-4E31-89C9-1DC220E497AB}
		{7A8A48F4-8284-4065-A1A5-044BDBEB41FE} = {8EF5D6DC-77D4-4E31-89C9-1DC220E497AB}
	EndGlobalSection
	GlobalSection(ProjectConfigurationPlatforms) = postSolution
		{06277D94-A7C7-4E8B-B7FB-CD754AB28DA3}.Debug|Any CPU.ActiveCfg = Debug|Any CPU
		{06277D94-A7C7-4E8B-B7FB-CD754AB28DA3}.Debug|Any CPU.Build.0 = Debug|Any CPU
		{06277D94-A7C7-4E8B-B7FB-CD754AB28DA3}.Release|Any CPU.ActiveCfg = Release|Any CPU
		{06277D94-A7C7-4E8B-B7FB-CD754AB28DA3}.Release|Any CPU.Build.0 = Release|Any CPU
		{7A8A48F4-8284-4065-A1A5-044BDBEB41FE}.Debug|Any CPU.ActiveCfg = Debug|Any CPU
		{7A8A48F4-8284-4065-A1A5-044BDBEB41FE}.Debug|Any CPU.Build.0 = Debug|Any CPU
		{7A8A48F4-8284-4065-A1A5-044BDBEB41FE}.Release|Any CPU.ActiveCfg = Release|Any CPU
		{7A8A48F4-8284-4065-A1A5-044BDBEB41FE}.Release|Any CPU.Build.0 = Release|Any CPU
		{04868E76-653D-4C1F-8E9B-D5A695E4CC67}.Debug|Any CPU.ActiveCfg = Debug|Any CPU
		{04868E76-653D-4C1F-8E9B-D5A695E4CC67}.Debug|Any CPU.Build.0 = Debug|Any CPU
		{04868E76-653D-4C1F-8E9B-D5A695E4CC67}.Release|Any CPU.ActiveCfg = Release|Any CPU
		{04868E76-653D-4C1F-8E9B-D5A695E4CC67}.Release|Any CPU.Build.0 = Release|Any CPU
	EndGlobalSection
EndGlobal
